
Microsoft Visual Studio Solution File, Format Version 12.00
# Visual Studio Version 17
VisualStudioVersion = 17.3.32819.101
MinimumVisualStudioVersion = 10.0.40219.1
Project("{FAE04EC0-301F-11D3-BF4B-00C04F79EFBC}") = "WebApiTutorial", "WebApiTutorial\WebApiTutorial.csproj", "{689B5FF5-99D7-4A74-A248-F8D7DD7AD31D}"
EndProject
Global
	GlobalSection(SolutionConfigurationPlatforms) = preSolution
		Debug|Any CPU = Debug|Any CPU
		Release|Any CPU = Release|Any CPU
	EndGlobalSection
	GlobalSection(ProjectConfigurationPlatforms) = postSolution
		{689B5FF5-99D7-4A74-A248-F8D7DD7AD31D}.Debug|Any CPU.ActiveCfg = Debug|Any CPU
		{689B5FF5-99D7-4A74-A248-F8D7DD7AD31D}.Debug|Any CPU.Build.0 = Debug|Any CPU
		{689B5FF5-99D7-4A74-A248-F8D7DD7AD31D}.Release|Any CPU.ActiveCfg = Release|Any CPU
		{689B5FF5-99D7-4A74-A248-F8D7DD7AD31D}.Release|Any CPU.Build.0 = Release|Any CPU
	EndGlobalSection
	GlobalSection(SolutionProperties) = preSolution
		HideSolutionNode = FALSE
	EndGlobalSection
	GlobalSection(ExtensibilityGlobals) = postSolution
		SolutionGuid = {106754DF-AC04-4332-9752-105B6312CD2A}
	EndGlobalSection
EndGlobal
